dependencies:
- name: kata-deploy
  repository: oci://ghcr.io/kata-containers/kata-deploy-charts
  version: 3.31.0
- name: peerpods
  repository: oci://ghcr.io/confidential-containers/cloud-api-adaptor/charts
  version: 0.4.0
digest: sha256:206dcf744ea3247ac93ebf5d2dd9cebde567ce5d13ba65b46ecdfab0a9bc0c05
generated: "2026-07-28T11:46:28.952533+01:00"
