dependencies:
- name: kata-deploy
  repository: oci://ghcr.io/kata-containers/kata-deploy-charts
  version: 4.0.0
- name: peerpods
  repository: oci://ghcr.io/confidential-containers/cloud-api-adaptor/charts
  version: 0.4.0
digest: sha256:e5fc3dbc43752124e2ee88fc6549cd4569ceb4c930e680e3b19f142d017b1d2b
generated: "2026-07-28T11:48:12.256562+01:00"
